// !$*UTF8*$!
{
	archiveVersion = 1;
	classes = {
	};
	objectVersion = 56;
	objects = {

/* Begin PBXBuildFile section */
		30646DB92D5128B000CD9D61 /* AppDelegate.swift in Sources */ = {isa = PBXBuildFile; fileRef = 30646DB82D5128B000CD9D61 /* AppDelegate.swift */; };
		30646DBB2D5128B000CD9D61 /* SceneDelegate.swift in Sources */ = {isa = PBXBuildFile; fileRef = 30646DBA2D5128B000CD9D61 /* SceneDelegate.swift */; };
		30646DC02D5128B000CD9D61 /* Base in Resources */ = {isa = PBXBuildFile; fileRef = 30646DBF2D5128B000CD9D61 /* Base */; };
		30646DC22D5128B100CD9D61 /* Assets.xcassets in Resources */ = {isa = PBXBuildFile; fileRef = 30646DC12D5128B100CD9D61 /* Assets.xcassets */; };
		30646DC52D5128B100CD9D61 /* Base in Resources */ = {isa = PBXBuildFile; fileRef = 30646DC42D5128B100CD9D61 /* Base */; };
		307C32252D6C3D4300B28049 /* Movie.swift in Sources */ = {isa = PBXBuildFile; fileRef = 307C32242D6C3D4300B28049 /* Movie.swift */; };
		307C32272D6C5FEE00B28049 /* MovieResponse.swift in Sources */ = {isa = PBXBuildFile; fileRef = 307C32262D6C5FEE00B28049 /* MovieResponse.swift */; };
		307C322A2D6C658000B28049 /* MovieService.swift in Sources */ = {isa = PBXBuildFile; fileRef = 307C32292D6C658000B28049 /* MovieService.swift */; };
		307C322D2D6D135B00B28049 /* MovieListViewModel.swift in Sources */ = {isa = PBXBuildFile; fileRef = 307C322C2D6D135B00B28049 /* MovieListViewModel.swift */; };
/* End PBXBuildFile section */

/* Begin PBXFileReference section */
		30646DB52D5128B000CD9D61 /* Movie Tracker.app */ = {isa = PBXFileReference; explicitFileType = wrapper.application; includeInIndex = 0; path = "Movie Tracker.app"; sourceTree = BUILT_PRODUCTS_DIR; };
		30646DB82D5128B000CD9D61 /* AppDelegate.swift */ = {isa = PBXFileReference; lastKnownFileType = sourcecode.swift; path = AppDelegate.swift; sourceTree = "<group>"; };
		30646DBA2D5128B000CD9D61 /* SceneDelegate.swift */ = {isa = PBXFileReference; lastKnownFileType = sourcecode.swift; path = SceneDelegate.swift; sourceTree = "<group>"; };
		30646DBF2D5128B000CD9D61 /* Base */ = {isa = PBXFileReference; lastKnownFileType = file.storyboard; name = Base; path = Base.lproj/Main.storyboard; sourceTree = "<group>"; };
		30646DC12D5128B100CD9D61 /* Assets.xcassets */ = {isa = PBXFileReference; lastKnownFileType = folder.assetcatalog; path = Assets.xcassets; sourceTree = "<group>"; };
		30646DC42D5128B100CD9D61 /* Base */ = {isa = PBXFileReference; lastKnownFileType = file.storyboard; name = Base; path = Base.lproj/LaunchScreen.storyboard; sourceTree = "<group>"; };
		30646DC62D5128B100CD9D61 /* Info.plist */ = {isa = PBXFileReference; lastKnownFileType = text.plist.xml; path = Info.plist; sourceTree = "<group>"; };
		307C32242D6C3D4300B28049 /* Movie.swift */ = {isa = PBXFileReference; lastKnownFileType = sourcecode.swift; path = Movie.swift; sourceTree = "<group>"; };
		307C32262D6C5FEE00B28049 /* MovieResponse.swift */ = {isa = PBXFileReference; lastKnownFileType = sourcecode.swift; path = MovieResponse.swift; sourceTree = "<group>"; };
		307C32292D6C658000B28049 /* MovieService.swift */ = {isa = PBXFileReference; lastKnownFileType = sourcecode.swift; path = MovieService.swift; sourceTree = "<group>"; };
		307C322C2D6D135B00B28049 /* MovieListViewModel.swift */ = {isa = PBXFileReference; lastKnownFileType = sourcecode.swift; path = MovieListViewModel.swift; sourceTree = "<group>"; };
/* End PBXFileReference section */

/* Begin PBXFrameworksBuildPhase section */
		30646DB22D5128B000CD9D61 /* Frameworks */ = {
			isa = PBXFrameworksBuildPhase;
			buildActionMask = 2147483647;
			files = (
			);
			runOnlyForDeploymentPostprocessing = 0;
		};
/* End PBXFrameworksBuildPhase section */

/* Begin PBXGroup section */
		30646DAC2D5128B000CD9D61 = {
			isa = PBXGroup;
			children = (
				30646DB72D5128B000CD9D61 /* Movie Tracker */,
				30646DB62D5128B000CD9D61 /* Products */,
			);
			sourceTree = "<group>";
		};
		30646DB62D5128B000CD9D61 /* Products */ = {
			isa = PBXGroup;
			children = (
				30646DB52D5128B000CD9D61 /* Movie Tracker.app */,
			);
			name = Products;
			sourceTree = "<group>";
		};
		30646DB72D5128B000CD9D61 /* Movie Tracker */ = {
			isa = PBXGroup;
			children = (
				307C322B2D6D134A00B28049 /* ViewModels */,
				307C32282D6C657100B28049 /* Services */,
				307C32232D6C3C7A00B28049 /* Models */,
				30646DB82D5128B000CD9D61 /* AppDelegate.swift */,
				30646DBA2D5128B000CD9D61 /* SceneDelegate.swift */,
				30646DBE2D5128B000CD9D61 /* Main.storyboard */,
				30646DC12D5128B100CD9D61 /* Assets.xcassets */,
				30646DC32D5128B100CD9D61 /* LaunchScreen.storyboard */,
				30646DC62D5128B100CD9D61 /* Info.plist */,
			);
			path = "Movie Tracker";
			sourceTree = "<group>";
		};
		307C32232D6C3C7A00B28049 /* Models */ = {
			isa = PBXGroup;
			children = (
				307C32242D6C3D4300B28049 /* Movie.swift */,
				307C32262D6C5FEE00B28049 /* MovieResponse.swift */,
			);
			path = Models;
			sourceTree = "<group>";
		};
		307C32282D6C657100B28049 /* Services */ = {
			isa = PBXGroup;
			children = (
				307C32292D6C658000B28049 /* MovieService.swift */,
			);
			path = Services;
			sourceTree = "<group>";
		};
		307C322B2D6D134A00B28049 /* ViewModels */ = {
			isa = PBXGroup;
			children = (
				307C322C2D6D135B00B28049 /* MovieListViewModel.swift */,
			);
			path = ViewModels;
			sourceTree = "<group>";
		};
/* End PBXGroup section */

/* Begin PBXNativeTarget section */
		30646DB42D5128B000CD9D61 /* Movie Tracker */ = {
			isa = PBXNativeTarget;
			buildConfigurationList = 30646DC92D5128B100CD9D61 /* Build configuration list for PBXNativeTarget "Movie Tracker" */;
			buildPhases = (
				30646DB12D5128B000CD9D61 /* Sources */,
				30646DB22D5128B000CD9D61 /* Frameworks */,
				30646DB32D5128B000CD9D61 /* Resources */,
			);
			buildRules = (
			);
			dependencies = (
			);
			name = "Movie Tracker";
			productName = "Movie Tracker";
			productReference = 30646DB52D5128B000CD9D61 /* Movie Tracker.app */;
			productType = "com.apple.product-type.application";
		};
/* End PBXNativeTarget section */

/* Begin PBXProject section */
		30646DAD2D5128B000CD9D61 /* Project object */ = {
			isa = PBXProject;
			attributes = {
				BuildIndependentTargetsInParallel = 1;
				LastSwiftUpdateCheck = 1540;
				LastUpgradeCheck = 1540;
				TargetAttributes = {
					30646DB42D5128B000CD9D61 = {
						CreatedOnToolsVersion = 15.4;
					};
				};
			};
			buildConfigurationList = 30646DB02D5128B000CD9D61 /* Build configuration list for PBXProject "Movie Tracker" */;
			compatibilityVersion = "Xcode 14.0";
			developmentRegion = en;
			hasScannedForEncodings = 0;
			knownRegions = (
				en,
				Base,
			);
			mainGroup = 30646DAC2D5128B000CD9D61;
			productRefGroup = 30646DB62D5128B000CD9D61 /* Products */;
			projectDirPath = "";
			projectRoot = "";
			targets = (
				30646DB42D5128B000CD9D61 /* Movie Tracker */,
			);
		};
/* End PBXProject section */

/* Begin PBXResourcesBuildPhase section */
		30646DB32D5128B000CD9D61 /* Resources */ = {
			isa = PBXResourcesBuildPhase;
			buildActionMask = 2147483647;
			files = (
				30646DC22D5128B100CD9D61 /* Assets.xcassets in Resources */,
				30646DC52D5128B100CD9D61 /* Base in Resources */,
				30646DC02D5128B000CD9D61 /* Base in Resources */,
			);
			runOnlyForDeploymentPostprocessing = 0;
		};
/* End PBXResourcesBuildPhase section */

/* Begin PBXSourcesBuildPhase section */
		30646DB12D5128B000CD9D61 /* Sources */ = {
			isa = PBXSourcesBuildPhase;
			buildActionMask = 2147483647;
			files = (
				30646DB92D5128B000CD9D61 /* AppDelegate.swift in Sources */,
				307C32272D6C5FEE00B28049 /* MovieResponse.swift in Sources */,
				30646DBB2D5128B000CD9D61 /* SceneDelegate.swift in Sources */,
				307C32252D6C3D4300B28049 /* Movie.swift in Sources */,
				307C322A2D6C658000B28049 /* MovieService.swift in Sources */,
				307C322D2D6D135B00B28049 /* MovieListViewModel.swift in Sources */,
			);
			runOnlyForDeploymentPostprocessing = 0;
		};
/* End PBXSourcesBuildPhase section */

/* Begin PBXVariantGroup section */
		30646DBE2D5128B000CD9D61 /* Main.storyboard */ = {
			isa = PBXVariantGroup;
			children = (
				30646DBF2D5128B000CD9D61 /* Base */,
			);
			name = Main.storyboard;
			sourceTree = "<group>";
		};
		30646DC32D5128B100CD9D61 /* LaunchScreen.storyboard */ = {
			isa = PBXVariantGroup;
			children = (
				30646DC42D5128B100CD9D61 /* Base */,
			);
			name = LaunchScreen.storyboard;
			sourceTree = "<group>";
		};
/* End PBXVariantGroup section */

/* Begin XCBuildConfiguration section */
		30646DC72D5128B100CD9D61 /* Debug */ = {
			isa = XCBuildConfiguration;
			buildSettings = {
				ALWAYS_SEARCH_USER_PATHS = NO;
				ASSETCATALOG_COMPILER_GENERATE_SWIFT_ASSET_SYMBOL_EXTENSIONS = YES;
				CLANG_ANALYZER_NONNULL = YES;
				CLANG_ANALYZER_NUMBER_OBJECT_CONVERSION = YES_AGGRESSIVE;
				CLANG_CXX_LANGUAGE_STANDARD = "gnu++20";
				CLANG_ENABLE_MODULES = YES;
				CLANG_ENABLE_OBJC_ARC = YES;
				CLANG_ENABLE_OBJC_WEAK = YES;
				CLANG_WARN_BLOCK_CAPTURE_AUTORELEASING = YES;
				CLANG_WARN_BOOL_CONVERSION = YES;
				CLANG_WARN_COMMA = YES;
				CLANG_WARN_CONSTANT_CONVERSION = YES;
				CLANG_WARN_DEPRECATED_OBJC_IMPLEMENTATIONS = YES;
				CLANG_WARN_DIRECT_OBJC_ISA_USAGE = YES_ERROR;
				CLANG_WARN_DOCUMENTATION_COMMENTS = YES;
				CLANG_WARN_EMPTY_BODY = YES;
				CLANG_WARN_ENUM_CONVERSION = YES;
				CLANG_WARN_INFINITE_RECURSION = YES;
				CLANG_WARN_INT_CONVERSION = YES;
				CLANG_WARN_NON_LITERAL_NULL_CONVERSION = YES;
				CLANG_WARN_OBJC_IMPLICIT_RETAIN_SELF = YES;
				CLANG_WARN_OBJC_LITERAL_CONVERSION = YES;
				CLANG_WARN_OBJC_ROOT_CLASS = YES_ERROR;
				CLANG_WARN_QUOTED_INCLUDE_IN_FRAMEWORK_HEADER = YES;
				CLANG_WARN_RANGE_LOOP_ANALYSIS = YES;
				CLANG_WARN_STRICT_PROTOTYPES = YES;
				CLANG_WARN_SUSPICIOUS_MOVE = YES;
				CLANG_WARN_UNGUARDED_AVAILABILITY = YES_AGGRESSIVE;
				CLANG_WARN_UNREACHABLE_CODE = YES;
				CLANG_WARN__DUPLICATE_METHOD_MATCH = YES;
				COPY_PHASE_STRIP = NO;
				DEBUG_INFORMATION_FORMAT = dwarf;
				ENABLE_STRICT_OBJC_MSGSEND = YES;
				ENABLE_TESTABILITY = YES;
				ENABLE_USER_SCRIPT_SANDBOXING = YES;
				GCC_C_LANGUAGE_STANDARD = gnu17;
				GCC_DYNAMIC_NO_PIC = NO;
				GCC_NO_COMMON_BLOCKS = YES;
				GCC_OPTIMIZATION_LEVEL = 0;
				GCC_PREPROCESSOR_DEFINITIONS = (
					"DEBUG=1",
					"$(inherited)",
				);
				GCC_WARN_64_TO_32_BIT_CONVERSION = YES;
				GCC_WARN_ABOUT_RETURN_TYPE = YES_ERROR;
				GCC_WARN_UNDECLARED_SELECTOR = YES;
				GCC_WARN_UNINITIALIZED_AUTOS = YES_AGGRESSIVE;
				GCC_WARN_UNUSED_FUNCTION = YES;
				GCC_WARN_UNUSED_VARIABLE = YES;
				IPHONEOS_DEPLOYMENT_TARGET = 17.5;
				LOCALIZATION_PREFERS_STRING_CATALOGS = YES;
				MTL_ENABLE_DEBUG_INFO = INCLUDE_SOURCE;
				MTL_FAST_MATH = YES;
				ONLY_ACTIVE_ARCH = YES;
				SDKROOT = iphoneos;
				SWIFT_ACTIVE_COMPILATION_CONDITIONS = "DEBUG $(inherited)";
				SWIFT_OPTIMIZATION_LEVEL = "-Onone";
			};
			name = Debug;
		};
		30646DC82D5128B100CD9D61 /* Release */ = {
			isa = XCBuildConfiguration;
			buildSettings = {
				ALWAYS_SEARCH_USER_PATHS = NO;
				ASSETCATALOG_COMPILER_GENERATE_SWIFT_ASSET_SYMBOL_EXTENSIONS = YES;
				CLANG_ANALYZER_NONNULL = YES;
				CLANG_ANALYZER_NUMBER_OBJECT_CONVERSION = YES_AGGRESSIVE;
				CLANG_CXX_LANGUAGE_STANDARD = "gnu++20";
				CLANG_ENABLE_MODULES = YES;
				CLANG_ENABLE_OBJC_ARC = YES;
				CLANG_ENABLE_OBJC_WEAK = YES;
				CLANG_WARN_BLOCK_CAPTURE_AUTORELEASING = YES;
				CLANG_WARN_BOOL_CONVERSION = YES;
				CLANG_WARN_COMMA = YES;
				CLANG_WARN_CONSTANT_CONVERSION = YES;
				CLANG_WARN_DEPRECATED_OBJC_IMPLEMENTATIONS = YES;
				CLANG_WARN_DIRECT_OBJC_ISA_USAGE = YES_ERROR;
				CLANG_WARN_DOCUMENTATION_COMMENTS = YES;
				CLANG_WARN_EMPTY_BODY = YES;
				CLANG_WARN_ENUM_CONVERSION = YES;
				CLANG_WARN_INFINITE_RECURSION = YES;
				CLANG_WARN_INT_CONVERSION = YES;
				CLANG_WARN_NON_LITERAL_NULL_CONVERSION = YES;
				CLANG_WARN_OBJC_IMPLICIT_RETAIN_SELF = YES;
				CLANG_WARN_OBJC_LITERAL_CONVERSION = YES;
				CLANG_WARN_OBJC_ROOT_CLASS = YES_ERROR;
				CLANG_WARN_QUOTED_INCLUDE_IN_FRAMEWORK_HEADER = YES;
				CLANG_WARN_RANGE_LOOP_ANALYSIS = YES;
				CLANG_WARN_STRICT_PROTOTYPES = YES;
				CLANG_WARN_SUSPICIOUS_MOVE = YES;
				CLANG_WARN_UNGUARDED_AVAILABILITY = YES_AGGRESSIVE;
				CLANG_WARN_UNREACHABLE_CODE = YES;
				CLANG_WARN__DUPLICATE_METHOD_MATCH = YES;
				COPY_PHASE_STRIP = NO;
				DEBUG_INFORMATION_FORMAT = "dwarf-with-dsym";
				ENABLE_NS_ASSERTIONS = NO;
				ENABLE_STRICT_OBJC_MSGSEND = YES;
				ENABLE_USER_SCRIPT_SANDBOXING = YES;
				GCC_C_LANGUAGE_STANDARD = gnu17;
				GCC_NO_COMMON_BLOCKS = YES;
				GCC_WARN_64_TO_32_BIT_CONVERSION = YES;
				GCC_WARN_ABOUT_RETURN_TYPE = YES_ERROR;
				GCC_WARN_UNDECLARED_SELECTOR = YES;
				GCC_WARN_UNINITIALIZED_AUTOS = YES_AGGRESSIVE;
				GCC_WARN_UNUSED_FUNCTION = YES;
				GCC_WARN_UNUSED_VARIABLE = YES;
				IPHONEOS_DEPLOYMENT_TARGET = 17.5;
				LOCALIZATION_PREFERS_STRING_CATALOGS = YES;
				MTL_ENABLE_DEBUG_INFO = NO;
				MTL_FAST_MATH = YES;
				SDKROOT = iphoneos;
				SWIFT_COMPILATION_MODE = wholemodule;
				VALIDATE_PRODUCT = YES;
			};
			name = Release;
		};
		30646DCA2D5128B100CD9D61 /* Debug */ = {
			isa = XCBuildConfiguration;
			buildSettings = {
				ASSETCATALOG_COMPILER_APPICON_NAME = AppIcon;
				ASSETCATALOG_COMPILER_GLOBAL_ACCENT_COLOR_NAME = AccentColor;
				CODE_SIGN_STYLE = Automatic;
				CURRENT_PROJECT_VERSION = 1;
				DEVELOPMENT_TEAM = G9Q236HNN8;
				GENERATE_INFOPLIST_FILE = YES;
				INFOPLIST_FILE = "Movie Tracker/Info.plist";
				INFOPLIST_KEY_UIApplicationSupportsIndirectInputEvents = YES;
				INFOPLIST_KEY_UILaunchStoryboardName = LaunchScreen;
				INFOPLIST_KEY_UIMainStoryboardFile = Main;
				INFOPLIST_KEY_UISupportedInterfaceOrientations_iPad = "UIInterfaceOrientationPortrait UIInterfaceOrientationPortraitUpsideDown UIInterfaceOrientationLandscapeLeft UIInterfaceOrientationLandscapeRight";
				INFOPLIST_KEY_UISupportedInterfaceOrientations_iPhone = "UIInterfaceOrientationPortrait UIInterfaceOrientationLandscapeLeft UIInterfaceOrientationLandscapeRight";
				LD_RUNPATH_SEARCH_PATHS = (
					"$(inherited)",
					"@executable_path/Frameworks",
				);
				MARKETING_VERSION = 1.0;
				PRODUCT_BUNDLE_IDENTIFIER = "com.daniil.dementyev.Movie-Tracker";
				PRODUCT_NAME = "$(TARGET_NAME)";
				SWIFT_EMIT_LOC_STRINGS = YES;
				SWIFT_VERSION = 5.0;
				TARGETED_DEVICE_FAMILY = "1,2";
			};
			name = Debug;
		};
		30646DCB2D5128B100CD9D61 /* Release */ = {
			isa = XCBuildConfiguration;
			buildSettings = {
				ASSETCATALOG_COMPILER_APPICON_NAME = AppIcon;
				ASSETCATALOG_COMPILER_GLOBAL_ACCENT_COLOR_NAME = AccentColor;
				CODE_SIGN_STYLE = Automatic;
				CURRENT_PROJECT_VERSION = 1;
				DEVELOPMENT_TEAM = G9Q236HNN8;
				GENERATE_INFOPLIST_FILE = YES;
				INFOPLIST_FILE = "Movie Tracker/Info.plist";
				INFOPLIST_KEY_UIApplicationSupportsIndirectInputEvents = YES;
				INFOPLIST_KEY_UILaunchStoryboardName = LaunchScreen;
				INFOPLIST_KEY_UIMainStoryboardFile = Main;
				INFOPLIST_KEY_UISupportedInterfaceOrientations_iPad = "UIInterfaceOrientationPortrait UIInterfaceOrientationPortraitUpsideDown UIInterfaceOrientationLandscapeLeft UIInterfaceOrientationLandscapeRight";
				INFOPLIST_KEY_UISupportedInterfaceOrientations_iPhone = "UIInterfaceOrientationPortrait UIInterfaceOrientationLandscapeLeft UIInterfaceOrientationLandscapeRight";
				LD_RUNPATH_SEARCH_PATHS = (
					"$(inherited)",
					"@executable_path/Frameworks",
				);
				MARKETING_VERSION = 1.0;
				PRODUCT_BUNDLE_IDENTIFIER = "com.daniil.dementyev.Movie-Tracker";
				PRODUCT_NAME = "$(TARGET_NAME)";
				SWIFT_EMIT_LOC_STRINGS = YES;
				SWIFT_VERSION = 5.0;
				TARGETED_DEVICE_FAMILY = "1,2";
			};
			name = Release;
		};
/* End XCBuildConfiguration section */

/* Begin XCConfigurationList section */
		30646DB02D5128B000CD9D61 /* Build configuration list for PBXProject "Movie Tracker" */ = {
			isa = XCConfigurationList;
			buildConfigurations = (
				30646DC72D5128B100CD9D61 /* Debug */,
				30646DC82D5128B100CD9D61 /* Release */,
			);
			defaultConfigurationIsVisible = 0;
			defaultConfigurationName = Release;
		};
		30646DC92D5128B100CD9D61 /* Build configuration list for PBXNativeTarget "Movie Tracker" */ = {
			isa = XCConfigurationList;
			buildConfigurations = (
				30646DCA2D5128B100CD9D61 /* Debug */,
				30646DCB2D5128B100CD9D61 /* Release */,
			);
			defaultConfigurationIsVisible = 0;
			defaultConfigurationName = Release;
		};
/* End XCConfigurationList section */
	};
	rootObject = 30646DAD2D5128B000CD9D61 /* Project object */;
}
